
Microsoft Visual Studio Solution File, Format Version 12.00
# Visual Studio Version 17
VisualStudioVersion = 17.8.34330.188
MinimumVisualStudioVersion = 10.0.40219.1
Project("{9A19103F-16F7-4668-BE54-9A1E7A4F7556}") = "MedicalUnitSystem", "MedicalUnitSystem\MedicalUnitSystem.csproj", "{584121FB-BCB0-4F13-966A-1CD82C8FF676}"
EndProject
Project("{E53339B2-1760-4266-BCC7-CA923CBCF16C}") = "docker-compose", "docker-compose.dcproj", "{2CB3A5DE-5AF5-4514-8F67-F243D62AF3F2}"
EndProject
Global
	GlobalSection(SolutionConfigurationPlatforms) = preSolution
		Debug|Any CPU = Debug|Any CPU
		Release|Any CPU = Release|Any CPU
	EndGlobalSection
	GlobalSection(ProjectConfigurationPlatforms) = postSolution
		{584121FB-BCB0-4F13-966A-1CD82C8FF676}.Debug|Any CPU.ActiveCfg = Debug|Any CPU
		{584121FB-BCB0-4F13-966A-1CD82C8FF676}.Debug|Any CPU.Build.0 = Debug|Any CPU
		{584121FB-BCB0-4F13-966A-1CD82C8FF676}.Release|Any CPU.ActiveCfg = Release|Any CPU
		{584121FB-BCB0-4F13-966A-1CD82C8FF676}.Release|Any CPU.Build.0 = Release|Any CPU
		{2CB3A5DE-5AF5-4514-8F67-F243D62AF3F2}.Debug|Any CPU.ActiveCfg = Debug|Any CPU
		{2CB3A5DE-5AF5-4514-8F67-F243D62AF3F2}.Debug|Any CPU.Build.0 = Debug|Any CPU
		{2CB3A5DE-5AF5-4514-8F67-F243D62AF3F2}.Release|Any CPU.ActiveCfg = Release|Any CPU
		{2CB3A5DE-5AF5-4514-8F67-F243D62AF3F2}.Release|Any CPU.Build.0 = Release|Any CPU
	EndGlobalSection
	GlobalSection(SolutionProperties) = preSolution
		HideSolutionNode = FALSE
	EndGlobalSection
	GlobalSection(ExtensibilityGlobals) = postSolution
		SolutionGuid = {7241BF65-83DF-4675-9F7A-4D651308C2CB}
	EndGlobalSection
EndGlobal
